// !$*UTF8*$!
{
	archiveVersion = 1;
	classes = {
	};
	objectVersion = 56;
	objects = {

/* Begin PBXBuildFile section */
		D3BBB11A2AF4EA30005D7DB2 /* AirbnbApp.swift in Sources */ = {isa = PBXBuildFile; fileRef = D3BBB1192AF4EA30005D7DB2 /* AirbnbApp.swift */; };
		D3BBB11C2AF4EA30005D7DB2 /* ContentView.swift in Sources */ = {isa = PBXBuildFile; fileRef = D3BBB11B2AF4EA30005D7DB2 /* ContentView.swift */; };
		D3BBB11E2AF4EA31005D7DB2 /* Assets.xcassets in Resources */ = {isa = PBXBuildFile; fileRef = D3BBB11D2AF4EA31005D7DB2 /* Assets.xcassets */; };
		D3BBB1212AF4EA31005D7DB2 /* Preview Assets.xcassets in Resources */ = {isa = PBXBuildFile; fileRef = D3BBB1202AF4EA31005D7DB2 /* Preview Assets.xcassets */; };
		D3BBB1342AF4EB3F005D7DB2 /* ExploreView.swift in Sources */ = {isa = PBXBuildFile; fileRef = D3BBB1332AF4EB3F005D7DB2 /* ExploreView.swift */; };
		D3BBB1362AF4EC39005D7DB2 /* ListingItemView.swift in Sources */ = {isa = PBXBuildFile; fileRef = D3BBB1352AF4EC39005D7DB2 /* ListingItemView.swift */; };
		D3BBB1382AF5D7AC005D7DB2 /* SearchAndFilterBar.swift in Sources */ = {isa = PBXBuildFile; fileRef = D3BBB1372AF5D7AC005D7DB2 /* SearchAndFilterBar.swift */; };
		D3BBB13A2AF5E22D005D7DB2 /* ListingDetailView.swift in Sources */ = {isa = PBXBuildFile; fileRef = D3BBB1392AF5E22D005D7DB2 /* ListingDetailView.swift */; };
		D3BBB13D2AF5E2B3005D7DB2 /* ListingImageCarouselView.swift in Sources */ = {isa = PBXBuildFile; fileRef = D3BBB13C2AF5E2B3005D7DB2 /* ListingImageCarouselView.swift */; };
		D3BBB13F2AF5E743005D7DB2 /* HostInfoView.swift in Sources */ = {isa = PBXBuildFile; fileRef = D3BBB13E2AF5E743005D7DB2 /* HostInfoView.swift */; };
		D3BBB1412AF5E85C005D7DB2 /* ListingFeaturesView.swift in Sources */ = {isa = PBXBuildFile; fileRef = D3BBB1402AF5E85C005D7DB2 /* ListingFeaturesView.swift */; };
		D3BBB1432AF692AC005D7DB2 /* BedroomView.swift in Sources */ = {isa = PBXBuildFile; fileRef = D3BBB1422AF692AC005D7DB2 /* BedroomView.swift */; };
		D3BBB1452AF692D0005D7DB2 /* ListingAmenitiesView.swift in Sources */ = {isa = PBXBuildFile; fileRef = D3BBB1442AF692D0005D7DB2 /* ListingAmenitiesView.swift */; };
		D3BBB1472AF6931C005D7DB2 /* MapDetailView.swift in Sources */ = {isa = PBXBuildFile; fileRef = D3BBB1462AF6931C005D7DB2 /* MapDetailView.swift */; };
		D3BBB1492AF69376005D7DB2 /* CallToActionView.swift in Sources */ = {isa = PBXBuildFile; fileRef = D3BBB1482AF69376005D7DB2 /* CallToActionView.swift */; };
/* End PBXBuildFile section */

/* Begin PBXFileReference section */
		D3BBB1162AF4EA30005D7DB2 /* Airbnb.app */ = {isa = PBXFileReference; explicitFileType = wrapper.application; includeInIndex = 0; path = Airbnb.app; sourceTree = BUILT_PRODUCTS_DIR; };
		D3BBB1192AF4EA30005D7DB2 /* AirbnbApp.swift */ = {isa = PBXFileReference; lastKnownFileType = sourcecode.swift; path = AirbnbApp.swift; sourceTree = "<group>"; };
		D3BBB11B2AF4EA30005D7DB2 /* ContentView.swift */ = {isa = PBXFileReference; lastKnownFileType = sourcecode.swift; path = ContentView.swift; sourceTree = "<group>"; };
		D3BBB11D2AF4EA31005D7DB2 /* Assets.xcassets */ = {isa = PBXFileReference; lastKnownFileType = folder.assetcatalog; path = Assets.xcassets; sourceTree = "<group>"; };
		D3BBB1202AF4EA31005D7DB2 /* Preview Assets.xcassets */ = {isa = PBXFileReference; lastKnownFileType = folder.assetcatalog; path = "Preview Assets.xcassets"; sourceTree = "<group>"; };
		D3BBB1332AF4EB3F005D7DB2 /* ExploreView.swift */ = {isa = PBXFileReference; lastKnownFileType = sourcecode.swift; path = ExploreView.swift; sourceTree = "<group>"; };
		D3BBB1352AF4EC39005D7DB2 /* ListingItemView.swift */ = {isa = PBXFileReference; lastKnownFileType = sourcecode.swift; path = ListingItemView.swift; sourceTree = "<group>"; };
		D3BBB1372AF5D7AC005D7DB2 /* SearchAndFilterBar.swift */ = {isa = PBXFileReference; lastKnownFileType = sourcecode.swift; path = SearchAndFilterBar.swift; sourceTree = "<group>"; };
		D3BBB1392AF5E22D005D7DB2 /* ListingDetailView.swift */ = {isa = PBXFileReference; lastKnownFileType = sourcecode.swift; path = ListingDetailView.swift; sourceTree = "<group>"; };
		D3BBB13C2AF5E2B3005D7DB2 /* ListingImageCarouselView.swift */ = {isa = PBXFileReference; lastKnownFileType = sourcecode.swift; path = ListingImageCarouselView.swift; sourceTree = "<group>"; };
		D3BBB13E2AF5E743005D7DB2 /* HostInfoView.swift */ = {isa = PBXFileReference; lastKnownFileType = sourcecode.swift; path = HostInfoView.swift; sourceTree = "<group>"; };
		D3BBB1402AF5E85C005D7DB2 /* ListingFeaturesView.swift */ = {isa = PBXFileReference; lastKnownFileType = sourcecode.swift; path = ListingFeaturesView.swift; sourceTree = "<group>"; };
		D3BBB1422AF692AC005D7DB2 /* BedroomView.swift */ = {isa = PBXFileReference; lastKnownFileType = sourcecode.swift; path = BedroomView.swift; sourceTree = "<group>"; };
		D3BBB1442AF692D0005D7DB2 /* ListingAmenitiesView.swift */ = {isa = PBXFileReference; lastKnownFileType = sourcecode.swift; path = ListingAmenitiesView.swift; sourceTree = "<group>"; };
		D3BBB1462AF6931C005D7DB2 /* MapDetailView.swift */ = {isa = PBXFileReference; lastKnownFileType = sourcecode.swift; path = MapDetailView.swift; sourceTree = "<group>"; };
		D3BBB1482AF69376005D7DB2 /* CallToActionView.swift */ = {isa = PBXFileReference; lastKnownFileType = sourcecode.swift; path = CallToActionView.swift; sourceTree = "<group>"; };
/* End PBXFileReference section */

/* Begin PBXFrameworksBuildPhase section */
		D3BBB1132AF4EA30005D7DB2 /* Frameworks */ = {
			isa = PBXFrameworksBuildPhase;
			buildActionMask = 2147483647;
			files = (
			);
			runOnlyForDeploymentPostprocessing = 0;
		};
/* End PBXFrameworksBuildPhase section */

/* Begin PBXGroup section */
		D3BBB10D2AF4EA30005D7DB2 = {
			isa = PBXGroup;
			children = (
				D3BBB1182AF4EA30005D7DB2 /* Airbnb */,
				D3BBB1172AF4EA30005D7DB2 /* Products */,
			);
			sourceTree = "<group>";
		};
		D3BBB1172AF4EA30005D7DB2 /* Products */ = {
			isa = PBXGroup;
			children = (
				D3BBB1162AF4EA30005D7DB2 /* Airbnb.app */,
			);
			name = Products;
			sourceTree = "<group>";
		};
		D3BBB1182AF4EA30005D7DB2 /* Airbnb */ = {
			isa = PBXGroup;
			children = (
				D3BBB12A2AF4EA52005D7DB2 /* App */,
				D3BBB1292AF4EA4F005D7DB2 /* Core */,
				D3BBB1282AF4EA4D005D7DB2 /* Extensions */,
				D3BBB1272AF4EA4A005D7DB2 /* Models */,
				D3BBB12B2AF4EA7B005D7DB2 /* Utils */,
				D3BBB11B2AF4EA30005D7DB2 /* ContentView.swift */,
				D3BBB11D2AF4EA31005D7DB2 /* Assets.xcassets */,
				D3BBB11F2AF4EA31005D7DB2 /* Preview Content */,
			);
			path = Airbnb;
			sourceTree = "<group>";
		};
		D3BBB11F2AF4EA31005D7DB2 /* Preview Content */ = {
			isa = PBXGroup;
			children = (
				D3BBB1202AF4EA31005D7DB2 /* Preview Assets.xcassets */,
			);
			path = "Preview Content";
			sourceTree = "<group>";
		};
		D3BBB1272AF4EA4A005D7DB2 /* Models */ = {
			isa = PBXGroup;
			children = (
			);
			path = Models;
			sourceTree = "<group>";
		};
		D3BBB1282AF4EA4D005D7DB2 /* Extensions */ = {
			isa = PBXGroup;
			children = (
			);
			path = Extensions;
			sourceTree = "<group>";
		};
		D3BBB1292AF4EA4F005D7DB2 /* Core */ = {
			isa = PBXGroup;
			children = (
				D3BBB13B2AF5E28A005D7DB2 /* Components */,
				D3BBB1322AF4EAE8005D7DB2 /* Wishlists */,
				D3BBB1312AF4EADE005D7DB2 /* Tabbar */,
				D3BBB1302AF4EAD8005D7DB2 /* Root */,
				D3BBB12F2AF4EACB005D7DB2 /* Profile */,
				D3BBB12E2AF4EABC005D7DB2 /* MapView */,
				D3BBB12D2AF4EAB6005D7DB2 /* Listings */,
				D3BBB12C2AF4EAAF005D7DB2 /* Explore */,
			);
			path = Core;
			sourceTree = "<group>";
		};
		D3BBB12A2AF4EA52005D7DB2 /* App */ = {
			isa = PBXGroup;
			children = (
				D3BBB1192AF4EA30005D7DB2 /* AirbnbApp.swift */,
			);
			path = App;
			sourceTree = "<group>";
		};
		D3BBB12B2AF4EA7B005D7DB2 /* Utils */ = {
			isa = PBXGroup;
			children = (
			);
			path = Utils;
			sourceTree = "<group>";
		};
		D3BBB12C2AF4EAAF005D7DB2 /* Explore */ = {
			isa = PBXGroup;
			children = (
				D3BBB1332AF4EB3F005D7DB2 /* ExploreView.swift */,
				D3BBB1372AF5D7AC005D7DB2 /* SearchAndFilterBar.swift */,
			);
			path = Explore;
			sourceTree = "<group>";
		};
		D3BBB12D2AF4EAB6005D7DB2 /* Listings */ = {
			isa = PBXGroup;
			children = (
				D3BBB1352AF4EC39005D7DB2 /* ListingItemView.swift */,
				D3BBB1392AF5E22D005D7DB2 /* ListingDetailView.swift */,
			);
			path = Listings;
			sourceTree = "<group>";
		};
		D3BBB12E2AF4EABC005D7DB2 /* MapView */ = {
			isa = PBXGroup;
			children = (
			);
			path = MapView;
			sourceTree = "<group>";
		};
		D3BBB12F2AF4EACB005D7DB2 /* Profile */ = {
			isa = PBXGroup;
			children = (
			);
			path = Profile;
			sourceTree = "<group>";
		};
		D3BBB1302AF4EAD8005D7DB2 /* Root */ = {
			isa = PBXGroup;
			children = (
			);
			path = Root;
			sourceTree = "<group>";
		};
		D3BBB1312AF4EADE005D7DB2 /* Tabbar */ = {
			isa = PBXGroup;
			children = (
			);
			path = Tabbar;
			sourceTree = "<group>";
		};
		D3BBB1322AF4EAE8005D7DB2 /* Wishlists */ = {
			isa = PBXGroup;
			children = (
			);
			path = Wishlists;
			sourceTree = "<group>";
		};
		D3BBB13B2AF5E28A005D7DB2 /* Components */ = {
			isa = PBXGroup;
			children = (
				D3BBB13C2AF5E2B3005D7DB2 /* ListingImageCarouselView.swift */,
				D3BBB13E2AF5E743005D7DB2 /* HostInfoView.swift */,
				D3BBB1402AF5E85C005D7DB2 /* ListingFeaturesView.swift */,
				D3BBB1422AF692AC005D7DB2 /* BedroomView.swift */,
				D3BBB1442AF692D0005D7DB2 /* ListingAmenitiesView.swift */,
				D3BBB1462AF6931C005D7DB2 /* MapDetailView.swift */,
				D3BBB1482AF69376005D7DB2 /* CallToActionView.swift */,
			);
			path = Components;
			sourceTree = "<group>";
		};
/* End PBXGroup section */

/* Begin PBXNativeTarget section */
		D3BBB1152AF4EA30005D7DB2 /* Airbnb */ = {
			isa = PBXNativeTarget;
			buildConfigurationList = D3BBB1242AF4EA31005D7DB2 /* Build configuration list for PBXNativeTarget "Airbnb" */;
			buildPhases = (
				D3BBB1122AF4EA30005D7DB2 /* Sources */,
				D3BBB1132AF4EA30005D7DB2 /* Frameworks */,
				D3BBB1142AF4EA30005D7DB2 /* Resources */,
			);
			buildRules = (
			);
			dependencies = (
			);
			name = Airbnb;
			productName = Airbnb;
			productReference = D3BBB1162AF4EA30005D7DB2 /* Airbnb.app */;
			productType = "com.apple.product-type.application";
		};
/* End PBXNativeTarget section */

/* Begin PBXProject section */
		D3BBB10E2AF4EA30005D7DB2 /* Project object */ = {
			isa = PBXProject;
			attributes = {
				BuildIndependentTargetsInParallel = 1;
				LastSwiftUpdateCheck = 1500;
				LastUpgradeCheck = 1500;
				TargetAttributes = {
					D3BBB1152AF4EA30005D7DB2 = {
						CreatedOnToolsVersion = 15.0.1;
					};
				};
			};
			buildConfigurationList = D3BBB1112AF4EA30005D7DB2 /* Build configuration list for PBXProject "Airbnb" */;
			compatibilityVersion = "Xcode 14.0";
			developmentRegion = en;
			hasScannedForEncodings = 0;
			knownRegions = (
				en,
				Base,
			);
			mainGroup = D3BBB10D2AF4EA30005D7DB2;
			productRefGroup = D3BBB1172AF4EA30005D7DB2 /* Products */;
			projectDirPath = "";
			projectRoot = "";
			targets = (
				D3BBB1152AF4EA30005D7DB2 /* Airbnb */,
			);
		};
/* End PBXProject section */

/* Begin PBXResourcesBuildPhase section */
		D3BBB1142AF4EA30005D7DB2 /* Resources */ = {
			isa = PBXResourcesBuildPhase;
			buildActionMask = 2147483647;
			files = (
				D3BBB1212AF4EA31005D7DB2 /* Preview Assets.xcassets in Resources */,
				D3BBB11E2AF4EA31005D7DB2 /* Assets.xcassets in Resources */,
			);
			runOnlyForDeploymentPostprocessing = 0;
		};
/* End PBXResourcesBuildPhase section */

/* Begin PBXSourcesBuildPhase section */
		D3BBB1122AF4EA30005D7DB2 /* Sources */ = {
			isa = PBXSourcesBuildPhase;
			buildActionMask = 2147483647;
			files = (
				D3BBB1412AF5E85C005D7DB2 /* ListingFeaturesView.swift in Sources */,
				D3BBB13D2AF5E2B3005D7DB2 /* ListingImageCarouselView.swift in Sources */,
				D3BBB1362AF4EC39005D7DB2 /* ListingItemView.swift in Sources */,
				D3BBB13F2AF5E743005D7DB2 /* HostInfoView.swift in Sources */,
				D3BBB11C2AF4EA30005D7DB2 /* ContentView.swift in Sources */,
				D3BBB1342AF4EB3F005D7DB2 /* ExploreView.swift in Sources */,
				D3BBB1382AF5D7AC005D7DB2 /* SearchAndFilterBar.swift in Sources */,
				D3BBB1452AF692D0005D7DB2 /* ListingAmenitiesView.swift in Sources */,
				D3BBB13A2AF5E22D005D7DB2 /* ListingDetailView.swift in Sources */,
				D3BBB1492AF69376005D7DB2 /* CallToActionView.swift in Sources */,
				D3BBB11A2AF4EA30005D7DB2 /* AirbnbApp.swift in Sources */,
				D3BBB1472AF6931C005D7DB2 /* MapDetailView.swift in Sources */,
				D3BBB1432AF692AC005D7DB2 /* BedroomView.swift in Sources */,
			);
			runOnlyForDeploymentPostprocessing = 0;
		};
/* End PBXSourcesBuildPhase section */

/* Begin XCBuildConfiguration section */
		D3BBB1222AF4EA31005D7DB2 /* Debug */ = {
			isa = XCBuildConfiguration;
			buildSettings = {
				ALWAYS_SEARCH_USER_PATHS = NO;
				ASSETCATALOG_COMPILER_GENERATE_SWIFT_ASSET_SYMBOL_EXTENSIONS = YES;
				CLANG_ANALYZER_NONNULL = YES;
				CLANG_ANALYZER_NUMBER_OBJECT_CONVERSION = YES_AGGRESSIVE;
				CLANG_CXX_LANGUAGE_STANDARD = "gnu++20";
				CLANG_ENABLE_MODULES = YES;
				CLANG_ENABLE_OBJC_ARC = YES;
				CLANG_ENABLE_OBJC_WEAK = YES;
				CLANG_WARN_BLOCK_CAPTURE_AUTORELEASING = YES;
				CLANG_WARN_BOOL_CONVERSION = YES;
				CLANG_WARN_COMMA = YES;
				CLANG_WARN_CONSTANT_CONVERSION = YES;
				CLANG_WARN_DEPRECATED_OBJC_IMPLEMENTATIONS = YES;
				CLANG_WARN_DIRECT_OBJC_ISA_USAGE = YES_ERROR;
				CLANG_WARN_DOCUMENTATION_COMMENTS = YES;
				CLANG_WARN_EMPTY_BODY = YES;
				CLANG_WARN_ENUM_CONVERSION = YES;
				CLANG_WARN_INFINITE_RECURSION = YES;
				CLANG_WARN_INT_CONVERSION = YES;
				CLANG_WARN_NON_LITERAL_NULL_CONVERSION = YES;
				CLANG_WARN_OBJC_IMPLICIT_RETAIN_SELF = YES;
				CLANG_WARN_OBJC_LITERAL_CONVERSION = YES;
				CLANG_WARN_OBJC_ROOT_CLASS = YES_ERROR;
				CLANG_WARN_QUOTED_INCLUDE_IN_FRAMEWORK_HEADER = YES;
				CLANG_WARN_RANGE_LOOP_ANALYSIS = YES;
				CLANG_WARN_STRICT_PROTOTYPES = YES;
				CLANG_WARN_SUSPICIOUS_MOVE = YES;
				CLANG_WARN_UNGUARDED_AVAILABILITY = YES_AGGRESSIVE;
				CLANG_WARN_UNREACHABLE_CODE = YES;
				CLANG_WARN__DUPLICATE_METHOD_MATCH = YES;
				COPY_PHASE_STRIP = NO;
				DEBUG_INFORMATION_FORMAT = dwarf;
				ENABLE_STRICT_OBJC_MSGSEND = YES;
				ENABLE_TESTABILITY = YES;
				ENABLE_USER_SCRIPT_SANDBOXING = YES;
				GCC_C_LANGUAGE_STANDARD = gnu17;
				GCC_DYNAMIC_NO_PIC = NO;
				GCC_NO_COMMON_BLOCKS = YES;
				GCC_OPTIMIZATION_LEVEL = 0;
				GCC_PREPROCESSOR_DEFINITIONS = (
					"DEBUG=1",
					"$(inherited)",
				);
				GCC_WARN_64_TO_32_BIT_CONVERSION = YES;
				GCC_WARN_ABOUT_RETURN_TYPE = YES_ERROR;
				GCC_WARN_UNDECLARED_SELECTOR = YES;
				GCC_WARN_UNINITIALIZED_AUTOS = YES_AGGRESSIVE;
				GCC_WARN_UNUSED_FUNCTION = YES;
				GCC_WARN_UNUSED_VARIABLE = YES;
				IPHONEOS_DEPLOYMENT_TARGET = 17.0;
				LOCALIZATION_PREFERS_STRING_CATALOGS = YES;
				MTL_ENABLE_DEBUG_INFO = INCLUDE_SOURCE;
				MTL_FAST_MATH = YES;
				ONLY_ACTIVE_ARCH = YES;
				SDKROOT = iphoneos;
				SWIFT_ACTIVE_COMPILATION_CONDITIONS = "DEBUG $(inherited)";
				SWIFT_OPTIMIZATION_LEVEL = "-Onone";
			};
			name = Debug;
		};
		D3BBB1232AF4EA31005D7DB2 /* Release */ = {
			isa = XCBuildConfiguration;
			buildSettings = {
				ALWAYS_SEARCH_USER_PATHS = NO;
				ASSETCATALOG_COMPILER_GENERATE_SWIFT_ASSET_SYMBOL_EXTENSIONS = YES;
				CLANG_ANALYZER_NONNULL = YES;
				CLANG_ANALYZER_NUMBER_OBJECT_CONVERSION = YES_AGGRESSIVE;
				CLANG_CXX_LANGUAGE_STANDARD = "gnu++20";
				CLANG_ENABLE_MODULES = YES;
				CLANG_ENABLE_OBJC_ARC = YES;
				CLANG_ENABLE_OBJC_WEAK = YES;
				CLANG_WARN_BLOCK_CAPTURE_AUTORELEASING = YES;
				CLANG_WARN_BOOL_CONVERSION = YES;
				CLANG_WARN_COMMA = YES;
				CLANG_WARN_CONSTANT_CONVERSION = YES;
				CLANG_WARN_DEPRECATED_OBJC_IMPLEMENTATIONS = YES;
				CLANG_WARN_DIRECT_OBJC_ISA_USAGE = YES_ERROR;
				CLANG_WARN_DOCUMENTATION_COMMENTS = YES;
				CLANG_WARN_EMPTY_BODY = YES;
				CLANG_WARN_ENUM_CONVERSION = YES;
				CLANG_WARN_INFINITE_RECURSION = YES;
				CLANG_WARN_INT_CONVERSION = YES;
				CLANG_WARN_NON_LITERAL_NULL_CONVERSION = YES;
				CLANG_WARN_OBJC_IMPLICIT_RETAIN_SELF = YES;
				CLANG_WARN_OBJC_LITERAL_CONVERSION = YES;
				CLANG_WARN_OBJC_ROOT_CLASS = YES_ERROR;
				CLANG_WARN_QUOTED_INCLUDE_IN_FRAMEWORK_HEADER = YES;
				CLANG_WARN_RANGE_LOOP_ANALYSIS = YES;
				CLANG_WARN_STRICT_PROTOTYPES = YES;
				CLANG_WARN_SUSPICIOUS_MOVE = YES;
				CLANG_WARN_UNGUARDED_AVAILABILITY = YES_AGGRESSIVE;
				CLANG_WARN_UNREACHABLE_CODE = YES;
				CLANG_WARN__DUPLICATE_METHOD_MATCH = YES;
				COPY_PHASE_STRIP = NO;
				DEBUG_INFORMATION_FORMAT = "dwarf-with-dsym";
				ENABLE_NS_ASSERTIONS = NO;
				ENABLE_STRICT_OBJC_MSGSEND = YES;
				ENABLE_USER_SCRIPT_SANDBOXING = YES;
				GCC_C_LANGUAGE_STANDARD = gnu17;
				GCC_NO_COMMON_BLOCKS = YES;
				GCC_WARN_64_TO_32_BIT_CONVERSION = YES;
				GCC_WARN_ABOUT_RETURN_TYPE = YES_ERROR;
				GCC_WARN_UNDECLARED_SELECTOR = YES;
				GCC_WARN_UNINITIALIZED_AUTOS = YES_AGGRESSIVE;
				GCC_WARN_UNUSED_FUNCTION = YES;
				GCC_WARN_UNUSED_VARIABLE = YES;
				IPHONEOS_DEPLOYMENT_TARGET = 17.0;
				LOCALIZATION_PREFERS_STRING_CATALOGS = YES;
				MTL_ENABLE_DEBUG_INFO = NO;
				MTL_FAST_MATH = YES;
				SDKROOT = iphoneos;
				SWIFT_COMPILATION_MODE = wholemodule;
				VALIDATE_PRODUCT = YES;
			};
			name = Release;
		};
		D3BBB1252AF4EA31005D7DB2 /* Debug */ = {
			isa = XCBuildConfiguration;
			buildSettings = {
				ASSETCATALOG_COMPILER_APPICON_NAME = AppIcon;
				ASSETCATALOG_COMPILER_GLOBAL_ACCENT_COLOR_NAME = AccentColor;
				CODE_SIGN_STYLE = Automatic;
				CURRENT_PROJECT_VERSION = 1;
				DEVELOPMENT_ASSET_PATHS = "\"Airbnb/Preview Content\"";
				DEVELOPMENT_TEAM = K8FKWBYV9S;
				ENABLE_PREVIEWS = YES;
				GENERATE_INFOPLIST_FILE = YES;
				INFOPLIST_KEY_UIApplicationSceneManifest_Generation = YES;
				INFOPLIST_KEY_UIApplicationSupportsIndirectInputEvents = YES;
				INFOPLIST_KEY_UILaunchScreen_Generation = YES;
				INFOPLIST_KEY_UISupportedInterfaceOrientations_iPad = "UIInterfaceOrientationPortrait UIInterfaceOrientationPortraitUpsideDown UIInterfaceOrientationLandscapeLeft UIInterfaceOrientationLandscapeRight";
				INFOPLIST_KEY_UISupportedInterfaceOrientations_iPhone = "UIInterfaceOrientationPortrait UIInterfaceOrientationLandscapeLeft UIInterfaceOrientationLandscapeRight";
				LD_RUNPATH_SEARCH_PATHS = (
					"$(inherited)",
					"@executable_path/Frameworks",
				);
				MARKETING_VERSION = 1.0;
				PRODUCT_BUNDLE_IDENTIFIER = frederick.Airbnb;
				PRODUCT_NAME = "$(TARGET_NAME)";
				SWIFT_EMIT_LOC_STRINGS = YES;
				SWIFT_VERSION = 5.0;
				TARGETED_DEVICE_FAMILY = "1,2";
			};
			name = Debug;
		};
		D3BBB1262AF4EA31005D7DB2 /* Release */ = {
			isa = XCBuildConfiguration;
			buildSettings = {
				ASSETCATALOG_COMPILER_APPICON_NAME = AppIcon;
				ASSETCATALOG_COMPILER_GLOBAL_ACCENT_COLOR_NAME = AccentColor;
				CODE_SIGN_STYLE = Automatic;
				CURRENT_PROJECT_VERSION = 1;
				DEVELOPMENT_ASSET_PATHS = "\"Airbnb/Preview Content\"";
				DEVELOPMENT_TEAM = K8FKWBYV9S;
				ENABLE_PREVIEWS = YES;
				GENERATE_INFOPLIST_FILE = YES;
				INFOPLIST_KEY_UIApplicationSceneManifest_Generation = YES;
				INFOPLIST_KEY_UIApplicationSupportsIndirectInputEvents = YES;
				INFOPLIST_KEY_UILaunchScreen_Generation = YES;
				INFOPLIST_KEY_UISupportedInterfaceOrientations_iPad = "UIInterfaceOrientationPortrait UIInterfaceOrientationPortraitUpsideDown UIInterfaceOrientationLandscapeLeft UIInterfaceOrientationLandscapeRight";
				INFOPLIST_KEY_UISupportedInterfaceOrientations_iPhone = "UIInterfaceOrientationPortrait UIInterfaceOrientationLandscapeLeft UIInterfaceOrientationLandscapeRight";
				LD_RUNPATH_SEARCH_PATHS = (
					"$(inherited)",
					"@executable_path/Frameworks",
				);
				MARKETING_VERSION = 1.0;
				PRODUCT_BUNDLE_IDENTIFIER = frederick.Airbnb;
				PRODUCT_NAME = "$(TARGET_NAME)";
				SWIFT_EMIT_LOC_STRINGS = YES;
				SWIFT_VERSION = 5.0;
				TARGETED_DEVICE_FAMILY = "1,2";
			};
			name = Release;
		};
/* End XCBuildConfiguration section */

/* Begin XCConfigurationList section */
		D3BBB1112AF4EA30005D7DB2 /* Build configuration list for PBXProject "Airbnb" */ = {
			isa = XCConfigurationList;
			buildConfigurations = (
				D3BBB1222AF4EA31005D7DB2 /* Debug */,
				D3BBB1232AF4EA31005D7DB2 /* Release */,
			);
			defaultConfigurationIsVisible = 0;
			defaultConfigurationName = Release;
		};
		D3BBB1242AF4EA31005D7DB2 /* Build configuration list for PBXNativeTarget "Airbnb" */ = {
			isa = XCConfigurationList;
			buildConfigurations = (
				D3BBB1252AF4EA31005D7DB2 /* Debug */,
				D3BBB1262AF4EA31005D7DB2 /* Release */,
			);
			defaultConfigurationIsVisible = 0;
			defaultConfigurationName = Release;
		};
/* End XCConfigurationList section */
	};
	rootObject = D3BBB10E2AF4EA30005D7DB2 /* Project object */;
}
